
Microsoft Visual Studio Solution File, Format Version 12.00
# Visual Studio Version 16
VisualStudioVersion = 16.0.810.18
MinimumVisualStudioVersion = 10.0.40219.1
Project("{FAE04EC0-301F-11D3-BF4B-00C04F79EFBC}") = "Bookstore", "Bookstore\Bookstore.csproj", "{5446E8F9-8CC4-490A-BEFD-9700712A96F9}"
EndProject
Global
	GlobalSection(SolutionConfigurationPlatforms) = preSolution
		Debug|Any CPU = Debug|Any CPU
		Release|Any CPU = Release|Any CPU
	EndGlobalSection
	GlobalSection(ProjectConfigurationPlatforms) = postSolution
		{5446E8F9-8CC4-490A-BEFD-9700712A96F9}.Debug|Any CPU.ActiveCfg = Debug|Any CPU
		{5446E8F9-8CC4-490A-BEFD-9700712A96F9}.Debug|Any CPU.Build.0 = Debug|Any CPU
		{5446E8F9-8CC4-490A-BEFD-9700712A96F9}.Release|Any CPU.ActiveCfg = Release|Any CPU
		{5446E8F9-8CC4-490A-BEFD-9700712A96F9}.Release|Any CPU.Build.0 = Release|Any CPU
	EndGlobalSection
	GlobalSection(SolutionProperties) = preSolution
		HideSolutionNode = FALSE
	EndGlobalSection
	GlobalSection(ExtensibilityGlobals) = postSolution
		SolutionGuid = {F618783D-2B83-4B18-8B85-A8BE24D644AC}
	EndGlobalSection
EndGlobal
